
Microsoft Visual Studio Solution File, Format Version 12.00
# Visual Studio Version 17
VisualStudioVersion = 17.11.35312.102
MinimumVisualStudioVersion = 10.0.40219.1
Project("{FAE04EC0-301F-11D3-BF4B-00C04F79EFBC}") = "ems-back", "ems-back\ems-back.csproj", "{72B9BCE0-C51E-4FC7-9740-DF489C5C7B0E}"
EndProject
Project("{FAE04EC0-301F-11D3-BF4B-00C04F79EFBC}") = "ems_back.Repo", "ems-back.Repo\ems_back.Repo.csproj", "{7ECFCD38-B667-4818-900C-D5B4E27D0DB3}"
EndProject
Project("{FAE04EC0-301F-11D3-BF4B-00C04F79EFBC}") = "ems-back.Tests", "ems-back.Tests\ems-back.Tests.csproj", "{FC3385E3-673F-4AED-815C-691153B4F85F}"
EndProject
Global
	GlobalSection(SolutionConfigurationPlatforms) = preSolution
		Debug|Any CPU = Debug|Any CPU
		Release|Any CPU = Release|Any CPU
	EndGlobalSection
	GlobalSection(ProjectConfigurationPlatforms) = postSolution
		{72B9BCE0-C51E-4FC7-9740-DF489C5C7B0E}.Debug|Any CPU.ActiveCfg = Debug|Any CPU
		{72B9BCE0-C51E-4FC7-9740-DF489C5C7B0E}.Debug|Any CPU.Build.0 = Debug|Any CPU
		{72B9BCE0-C51E-4FC7-9740-DF489C5C7B0E}.Release|Any CPU.ActiveCfg = Release|Any CPU
		{72B9BCE0-C51E-4FC7-9740-DF489C5C7B0E}.Release|Any CPU.Build.0 = Release|Any CPU
		{7ECFCD38-B667-4818-900C-D5B4E27D0DB3}.Debug|Any CPU.ActiveCfg = Debug|Any CPU
		{7ECFCD38-B667-4818-900C-D5B4E27D0DB3}.Debug|Any CPU.Build.0 = Debug|Any CPU
		{7ECFCD38-B667-4818-900C-D5B4E27D0DB3}.Release|Any CPU.ActiveCfg = Release|Any CPU
		{7ECFCD38-B667-4818-900C-D5B4E27D0DB3}.Release|Any CPU.Build.0 = Release|Any CPU
		{FC3385E3-673F-4AED-815C-691153B4F85F}.Debug|Any CPU.ActiveCfg = Debug|Any CPU
		{FC3385E3-673F-4AED-815C-691153B4F85F}.Debug|Any CPU.Build.0 = Debug|Any CPU
		{FC3385E3-673F-4AED-815C-691153B4F85F}.Release|Any CPU.ActiveCfg = Release|Any CPU
		{FC3385E3-673F-4AED-815C-691153B4F85F}.Release|Any CPU.Build.0 = Release|Any CPU
	EndGlobalSection
	GlobalSection(SolutionProperties) = preSolution
		HideSolutionNode = FALSE
	EndGlobalSection
	GlobalSection(ExtensibilityGlobals) = postSolution
		SolutionGuid = {4F2785E2-CE0A-4BA4-BC99-E7203F9E2AE5}
	EndGlobalSection
EndGlobal
